{
    "_meta": {
        "hash": {
            "sha256": "46f65891d154913aa9356d00b244b3e33e03ee4deba84532fa326110f1872465"
        },
        "pipfile-spec": 6,
        "requires": {
            "python_version": "3.10"
        },
        "sources": [
            {
                "name": "pypi",
                "url": "https://pypi.org/simple",
                "verify_ssl": true
            }
        ]
    },
    "default": {
        "pyjwt": {
            "hashes": [
                "sha256:57e28d156e3d5c10088e0c68abb90bfac3df82b40a71bd0daa20c65ccd5c23de",
                "sha256:59127c392cc44c2da5bb3192169a91f429924e17aff6534d70fdc02ab3e04320"
            ],
            "index": "pypi",
            "markers": "python_version >= '3.7'",
            "version": "==2.8.0"
        }
    },
    "develop": {}
}
